
Microsoft Visual Studio Solution File, Format Version 12.00
# Visual Studio Version 16
VisualStudioVersion = 16.0.32510.428
MinimumVisualStudioVersion = 10.0.40219.1
Project("{8BC9CEB8-8B4A-11D0-8D11-00A0C91BC942}") = "YoutubeOpenGL", "YoutubeOpenGL\YoutubeOpenGL.vcxproj", "{A2B919F0-11EC-4B48-9AA1-EA34BE0FBC7B}"
EndProject
Global
	GlobalSection(SolutionConfigurationPlatforms) = preSolution
		Debug|x64 = Debug|x64
		Debug|x86 = Debug|x86
		Release|x64 = Release|x64
		Release|x86 = Release|x86
	EndGlobalSection
	GlobalSection(ProjectConfigurationPlatforms) = postSolution
		{A2B919F0-11EC-4B48-9AA1-EA34BE0FBC7B}.Debug|x64.ActiveCfg = Debug|x64
		{A2B919F0-11EC-4B48-9AA1-EA34BE0FBC7B}.Debug|x64.Build.0 = Debug|x64
		{A2B919F0-11EC-4B48-9AA1-EA34BE0FBC7B}.Debug|x86.ActiveCfg = Debug|x64
		{A2B919F0-11EC-4B48-9AA1-EA34BE0FBC7B}.Debug|x86.Build.0 = Debug|x64
		{A2B919F0-11EC-4B48-9AA1-EA34BE0FBC7B}.Release|x64.ActiveCfg = Release|x64
		{A2B919F0-11EC-4B48-9AA1-EA34BE0FBC7B}.Release|x64.Build.0 = Release|x64
		{A2B919F0-11EC-4B48-9AA1-EA34BE0FBC7B}.Release|x86.ActiveCfg = Release|Win32
		{A2B919F0-11EC-4B48-9AA1-EA34BE0FBC7B}.Release|x86.Build.0 = Release|Win32
	EndGlobalSection
	GlobalSection(SolutionProperties) = preSolution
		HideSolutionNode = FALSE
	EndGlobalSection
	GlobalSection(ExtensibilityGlobals) = postSolution
		SolutionGuid = {DF32703D-FC0F-4B75-8882-7B3D682AB107}
	EndGlobalSection
EndGlobal
